{
	"name": "wqschedule",
	"version": "0.1.0",
	"lockfileVersion": 1,
	"requires": true,
	"dependencies": {
		"@babel/code-frame": {
			"version": "7.16.7",
			"resolved": "https://registry.npmjs.org/@babel/code-frame/-/code-frame-7.16.7.tgz",
			"integrity": "sha512-iAXqUn8IIeBTNd72xsFlgaXHkMBMt6y4HJp1tIaK465CWLT/fG1aqB7ykr95gHHmlBdGbFeWWfyB4NJJ0nmeIg==",
			"dev": true,
			"requires": {
				"@babel/highlight": "^7.16.7"
			}
		},
		"@babel/helper-validator-identifier": {
			"version": "7.16.7",
			"resolved": "https://registry.npmjs.org/@babel/helper-validator-identifier/-/helper-validator-identifier-7.16.7.tgz",
			"integrity": "sha512-hsEnFemeiW4D08A5gUAZxLBTXpZ39P+a+DGDsHw1yxqyQ/jzFEnxf5uTEGp+3bzAbNOxU1paTgYS4ECU/IgfDw==",
			"dev": true
		},
		"@babel/highlight": {
			"version": "7.16.10",
			"resolved": "https://registry.npmjs.org/@babel/highlight/-/highlight-7.16.10.tgz",
			"integrity": "sha512-5FnTQLSLswEj6IkgVw5KusNUUFY9ZGqe/TRFnP/BKYHYgfh7tc+C7mwiy95/yNP7Dh9x580Vv8r7u7ZfTBFxdw==",
			"dev": true,
			"requires": {
				"@babel/helper-validator-identifier": "^7.16.7",
				"chalk": "^2.0.0",
				"js-tokens": "^4.0.0"
			}
		},
		"@hapi/address": {
			"version": "2.1.4",
			"resolved": "https://registry.npmjs.org/@hapi/address/-/address-2.1.4.tgz",
			"integrity": "sha512-QD1PhQk+s31P1ixsX0H0Suoupp3VMXzIVMSwobR3F3MSUO2YCV0B7xqLcUw/Bh8yuvd3LhpyqLQWTNcRmp6IdQ==",
			"dev": true
		},
		"@hapi/bourne": {
			"version": "1.3.2",
			"resolved": "https://registry.npmjs.org/@hapi/bourne/-/bourne-1.3.2.tgz",
			"integrity": "sha512-1dVNHT76Uu5N3eJNTYcvxee+jzX4Z9lfciqRRHCU27ihbUcYi+iSc2iml5Ke1LXe1SyJCLA0+14Jh4tXJgOppA==",
			"dev": true
		},
		"@hapi/hoek": {
			"version": "8.5.1",
			"resolved": "https://registry.npmjs.org/@hapi/hoek/-/hoek-8.5.1.tgz",
			"integrity": "sha512-yN7kbciD87WzLGc5539Tn0sApjyiGHAJgKvG9W8C7O+6c7qmoQMfVs0W4bX17eqz6C78QJqqFrtgdK5EWf6Qow==",
			"dev": true
		},
		"@hapi/joi": {
			"version": "15.1.1",
			"resolved": "https://registry.npmjs.org/@hapi/joi/-/joi-15.1.1.tgz",
			"integrity": "sha512-entf8ZMOK8sc+8YfeOlM8pCfg3b5+WZIKBfUaaJT8UsjAAPjartzxIYm3TIbjvA4u+u++KbcXD38k682nVHDAQ==",
			"dev": true,
			"requires": {
				"@hapi/address": "2.x.x",
				"@hapi/bourne": "1.x.x",
				"@hapi/hoek": "8.x.x",
				"@hapi/topo": "3.x.x"
			}
		},
		"@hapi/topo": {
			"version": "3.1.6",
			"resolved": "https://registry.npmjs.org/@hapi/topo/-/topo-3.1.6.tgz",
			"integrity": "sha512-tAag0jEcjwH+P2quUfipd7liWCNX2F8NvYjQp2wtInsZxnMlypdw0FtAOLxtvvkO+GSRRbmNi8m/5y42PQJYCQ==",
			"dev": true,
			"requires": {
				"@hapi/hoek": "^8.3.0"
			}
		},
		"@intervolga/optimize-cssnano-plugin": {
			"version": "1.0.6",
			"resolved": "https://registry.npmjs.org/@intervolga/optimize-cssnano-plugin/-/optimize-cssnano-plugin-1.0.6.tgz",
			"integrity": "sha512-zN69TnSr0viRSU6cEDIcuPcP67QcpQ6uHACg58FiN9PDrU6SLyGW3MR4tiISbYxy1kDWAVPwD+XwQTWE5cigAA==",
			"dev": true,
			"requires": {
				"cssnano": "^4.0.0",
				"cssnano-preset-default": "^4.0.0",
				"postcss": "^7.0.0"
			}
		},
		"@mrmlnc/readdir-enhanced": {
			"version": "2.2.1",
			"resolved": "https://registry.npmjs.org/@mrmlnc/readdir-enhanced/-/readdir-enhanced-2.2.1.tgz",
			"integrity": "sha512-bPHp6Ji8b41szTOcaP63VlnbbO5Ny6dwAATtY6JTjh5N2OLrb5Qk/Th5cRkRQhkWCt+EJsYrNB0MiL+Gpn6e3g==",
			"dev": true,
			"requires": {
				"call-me-maybe": "^1.0.1",
				"glob-to-regexp": "^0.3.0"
			}
		},
		"@nodelib/fs.stat": {
			"version": "1.1.3",
			"resolved": "https://registry.npmjs.org/@nodelib/fs.stat/-/fs.stat-1.1.3.tgz",
			"integrity": "sha512-shAmDyaQC4H92APFoIaVDHCx5bStIocgvbwQyxPRrbUY20V1EYTbSDchWbuwlMG3V17cprZhA6+78JfB+3DT,